
Microsoft Visual Studio Solution File, Format Version 12.00
# Visual Studio 14
VisualStudioVersion = 14.0.23107.0
MinimumVisualStudioVersion = 10.0.40219.1
Project("{FAE04EC0-301F-11D3-BF4B-00C04F79EFBC}") = "MifareApp 2.0", "MifareApp 2.0\MifareApp 2.0.csproj", "{FD291B5A-A60A-45DC-A83C-DDD9E0D60336}"
EndProject
Global
	GlobalSection(SolutionConfigurationPlatforms) = preSolution
		Debug|Any CPU = Debug|Any CPU
		Release|Any CPU = Release|Any CPU
	EndGlobalSection
	GlobalSection(ProjectConfigurationPlatforms) = postSolution
		{FD291B5A-A60A-45DC-A83C-DDD9E0D60336}.Debug|Any CPU.ActiveCfg = Debug|Any CPU
		{FD291B5A-A60A-45DC-A83C-DDD9E0D60336}.Debug|Any CPU.Build.0 = Debug|Any CPU
		{FD291B5A-A60A-45DC-A83C-DDD9E0D60336}.Release|Any CPU.ActiveCfg = Release|Any CPU
		{FD291B5A-A60A-45DC-A83C-DDD9E0D60336}.Release|Any CPU.Build.0 = Release|Any CPU
	EndGlobalSection
	GlobalSection(SolutionProperties) = preSolution
		HideSolutionNode = FALSE
	EndGlobalSection
EndGlobal
